// !$*UTF8*$!
{
	archiveVersion = 1;
	classes = {
	};
	objectVersion = 77;
	objects = {

/* Begin PBXBuildFile section */
		0E217E398E5B9F206EBEA0D6 /* Foundation.framework in Frameworks */ = {isa = PBXBuildFile; fileRef = B6CFBBC1C30165D5440DFE7E /* Foundation.framework */; };
		8A5ECE9238580E938BA4F2CD /* WorkoutEditingUITests.swift in Sources */ = {isa = PBXBuildFile; fileRef = 40D6C1A8E1FAF81EC8A3370F /* WorkoutEditingUITests.swift */; };
		8E4A86512F15627200F77298 /* WidgetKit.framework in Frameworks */ = {isa = PBXBuildFile; fileRef = 8E4A86502F15627200F77298 /* WidgetKit.framework */; };
		8E4A86532F15627200F77298 /* SwiftUI.framework in Frameworks */ = {isa = PBXBuildFile; fileRef = 8E4A86522F15627200F77298 /* SwiftUI.framework */; };
		8E4A86642F15627300F77298 /* RestTimerWidgetExtension.appex in Embed Foundation Extensions */ = {isa = PBXBuildFile; fileRef = 8E4A864E2F15627200F77298 /* RestTimerWidgetExtension.appex */; settings = {ATTRIBUTES = (RemoveHeadersOnCopy, ); }; };
		A1000000000000000000A2 /* RestTimerWidgetExtension.appex in Embed Foundation Extensions */ = {isa = PBXBuildFile; fileRef = 8E4A864E2F15627200F77298 /* RestTimerWidgetExtension.appex */; settings = {ATTRIBUTES = (RemoveHeadersOnCopy, ); }; };
		B200000000000000000001 /* GymBroWatch.app in Embed Watch Content */ = {isa = PBXBuildFile; fileRef = B200000000000000000002 /* GymBroWatch.app */; settings = {ATTRIBUTES = (RemoveHeadersOnCopy, ); }; };
		B200000000000000000015 /* LiquidGlassIcon.icon in Resources */ = {isa = PBXBuildFile; fileRef = B200000000000000000016 /* LiquidGlassIcon.icon */; };
/* End PBXBuildFile section */

/* Begin PBXContainerItemProxy section */
		5916D1FB6503B6DEA56F91D3 /* PBXContainerItemProxy */ = {
			isa = PBXContainerItemProxy;
			containerPortal = 8ECE62472F0FF320009C2BD4 /* Project object */;
			proxyType = 1;
			remoteGlobalIDString = A1000000000000000000A7;
			remoteInfo = "gym-bro (iOS Only)";
		};
		8E4A86622F15627300F77298 /* PBXContainerItemProxy */ = {
			isa = PBXContainerItemProxy;
			containerPortal = 8ECE62472F0FF320009C2BD4 /* Project object */;
			proxyType = 1;
			remoteGlobalIDString = 8E4A864D2F15627200F77298;
			remoteInfo = RestTimerWidgetExtension;
		};
		A1000000000000000000A3 /* PBXContainerItemProxy */ = {
			isa = PBXContainerItemProxy;
			containerPortal = 8ECE62472F0FF320009C2BD4 /* Project object */;
			proxyType = 1;
			remoteGlobalIDString = 8E4A864D2F15627200F77298;
			remoteInfo = RestTimerWidgetExtension;
		};
		B200000000000000000003 /* PBXContainerItemProxy */ = {
			isa = PBXContainerItemProxy;
			containerPortal = 8ECE62472F0FF320009C2BD4 /* Project object */;
			proxyType = 1;
			remoteGlobalIDString = B200000000000000000010;
			remoteInfo = GymBroWatch;
		};
/* End PBXContainerItemProxy section */

/* Begin PBXCopyFilesBuildPhase section */
		8E4A86692F15627300F77298 /* Embed Foundation Extensions */ = {
			isa = PBXCopyFilesBuildPhase;
			buildActionMask = 2147483647;
			dstPath = "";
			dstSubfolderSpec = 13;
			files = (
				8E4A86642F15627300F77298 /* RestTimerWidgetExtension.appex in Embed Foundation Extensions */,
			);
			name = "Embed Foundation Extensions";
			runOnlyForDeploymentPostprocessing = 0;
		};
		A1000000000000000000A4 /* Embed Foundation Extensions */ = {
			isa = PBXCopyFilesBuildPhase;
			buildActionMask = 2147483647;
			dstPath = "";
			dstSubfolderSpec = 13;
			files = (
				A1000000000000000000A2 /* RestTimerWidgetExtension.appex in Embed Foundation Extensions */,
			);
			name = "Embed Foundation Extensions";
			runOnlyForDeploymentPostprocessing = 0;
		};
		B200000000000000000004 /* Embed Watch Content */ = {
			isa = PBXCopyFilesBuildPhase;
			buildActionMask = 2147483647;
			dstPath = "$(CONTENTS_FOLDER_PATH)/Watch";
			dstSubfolderSpec = 16;
			files = (
				B200000000000000000001 /* GymBroWatch.app in Embed Watch Content */,
			);
			name = "Embed Watch Content";
			runOnlyForDeploymentPostprocessing = 0;
		};
/* End PBXCopyFilesBuildPhase section */

/* Begin PBXFileReference section */
		40D6C1A8E1FAF81EC8A3370F /* WorkoutEditingUITests.swift */ = {isa = PBXFileReference; includeInIndex = 1; lastKnownFileType = sourcecode.swift; path = WorkoutEditingUITests.swift; sourceTree = "<group>"; };
		8A9C2C30114DA56CF809897E /* gym-broUITests.xctest */ = {isa = PBXFileReference; explicitFileType = wrapper.cfbundle; includeInIndex = 0; path = "gym-broUITests.xctest"; sourceTree = BUILT_PRODUCTS_DIR; };
		8E4A864E2F15627200F77298 /* RestTimerWidgetExtension.appex */ = {isa = PBXFileReference; explicitFileType = "wrapper.app-extension"; includeInIndex = 0; path = RestTimerWidgetExtension.appex; sourceTree = BUILT_PRODUCTS_DIR; };
		8E4A86502F15627200F77298 /* WidgetKit.framework */ = {isa = PBXFileReference; lastKnownFileType = wrapper.framework; name = WidgetKit.framework; path = System/Library/Frameworks/WidgetKit.framework; sourceTree = SDKROOT; };
		8E4A86522F15627200F77298 /* SwiftUI.framework */ = {isa = PBXFileReference; lastKnownFileType = wrapper.framework; name = SwiftUI.framework; path = System/Library/Frameworks/SwiftUI.framework; sourceTree = SDKROOT; };
		8ECE624F2F0FF320009C2BD4 /* gym-bro.app */ = {isa = PBXFileReference; explicitFileType = wrapper.application; includeInIndex = 0; path = "gym-bro.app"; sourceTree = BUILT_PRODUCTS_DIR; };
		A1000000000000000000A5 /* gym-bro-iOS.app */ = {isa = PBXFileReference; explicitFileType = wrapper.application; includeInIndex = 0; path = "gym-bro-iOS.app"; sourceTree = BUILT_PRODUCTS_DIR; };
		B6CFBBC1C30165D5440DFE7E /* Foundation.framework */ = {isa = PBXFileReference; lastKnownFileType = wrapper.framework; name = Foundation.framework; path = Platforms/iPhoneOS.platform/Developer/SDKs/iPhoneOS26.0.sdk/System/Library/Frameworks/Foundation.framework; sourceTree = DEVELOPER_DIR; };
		B200000000000000000002 /* GymBroWatch.app */ = {isa = PBXFileReference; explicitFileType = wrapper.application; includeInIndex = 0; path = GymBroWatch.app; sourceTree = BUILT_PRODUCTS_DIR; };
		B200000000000000000016 /* LiquidGlassIcon.icon */ = {isa = PBXFileReference; lastKnownFileType = folder.iconcomposer.icon; path = "gym-bro/LiquidGlassIcon.icon"; sourceTree = "<group>"; };
/* End PBXFileReference section */

/* Begin PBXFileSystemSynchronizedBuildFileExceptionSet section */
		8E4A86682F15627300F77298 /* Exceptions for "RestTimerWidget" folder in "RestTimerWidgetExtension" target */ = {
			isa = PBXFileSystemSynchronizedBuildFileExceptionSet;
			membershipExceptions = (
				Info.plist,
			);
			target = 8E4A864D2F15627200F77298 /* RestTimerWidgetExtension */;
		};
		8ECE625C2F0FF321009C2BD4 /* Exceptions for "gym-bro" folder in "gym-bro" target */ = {
			isa = PBXFileSystemSynchronizedBuildFileExceptionSet;
			membershipExceptions = (
				Info.plist,
			);
			target = 8ECE624E2F0FF320009C2BD4 /* gym-bro */;
		};
		A1000000000000000000AE /* Exceptions for "gym-bro" folder in "gym-bro (iOS Only)" target */ = {
			isa = PBXFileSystemSynchronizedBuildFileExceptionSet;
			membershipExceptions = (
				Info.plist,
			);
			target = A1000000000000000000A7 /* gym-bro (iOS Only) */;
		};
		B200000000000000000005 /* Exceptions for "GymBroWatch" folder in "GymBroWatch" target */ = {
			isa = PBXFileSystemSynchronizedBuildFileExceptionSet;
			membershipExceptions = (
				GymBroWatch.entitlements,
			);
			target = B200000000000000000010 /* GymBroWatch */;
		};
/* End PBXFileSystemSynchronizedBuildFileExceptionSet section */

/* Begin PBXFileSystemSynchronizedRootGroup section */
		8E4A86542F15627200F77298 /* RestTimerWidget */ = {
			isa = PBXFileSystemSynchronizedRootGroup;
			exceptions = (
				8E4A86682F15627300F77298 /* Exceptions for "RestTimerWidget" folder in "RestTimerWidgetExtension" target */,
			);
			path = RestTimerWidget;
			sourceTree = "<group>";
		};
		8ECE62512F0FF320009C2BD4 /* gym-bro */ = {
			isa = PBXFileSystemSynchronizedRootGroup;
			exceptions = (
				8ECE625C2F0FF321009C2BD4 /* Exceptions for "gym-bro" folder in "gym-bro" target */,
				A1000000000000000000AE /* Exceptions for "gym-bro" folder in "gym-bro (iOS Only)" target */,
			);
			path = "gym-bro";
			sourceTree = "<group>";
		};
		B200000000000000000006 /* GymBroShared */ = {
			isa = PBXFileSystemSynchronizedRootGroup;
			path = GymBroShared;
			sourceTree = "<group>";
		};
		B200000000000000000007 /* GymBroWatch */ = {
			isa = PBXFileSystemSynchronizedRootGroup;
			exceptions = (
				B200000000000000000005 /* Exceptions for "GymBroWatch" folder in "GymBroWatch" target */,
			);
			path = GymBroWatch;
			sourceTree = "<group>";
		};
/* End PBXFileSystemSynchronizedRootGroup section */

/* Begin PBXFrameworksBuildPhase section */
		27A5A4370C6CD0651E7FC217 /* Frameworks */ = {
			isa = PBXFrameworksBuildPhase;
			buildActionMask = 2147483647;
			files = (
				0E217E398E5B9F206EBEA0D6 /* Foundation.framework in Frameworks */,
			);
			runOnlyForDeploymentPostprocessing = 0;
		};
		8E4A864B2F15627200F77298 /* Frameworks */ = {
			isa = PBXFrameworksBuildPhase;
			buildActionMask = 2147483647;
			files = (
				8E4A86532F15627200F77298 /* SwiftUI.framework in Frameworks */,
				8E4A86512F15627200F77298 /* WidgetKit.framework in Frameworks */,
			);
			runOnlyForDeploymentPostprocessing = 0;
		};
		8ECE624C2F0FF320009C2BD4 /* Frameworks */ = {
			isa = PBXFrameworksBuildPhase;
			buildActionMask = 2147483647;
			files = (
			);
			runOnlyForDeploymentPostprocessing = 0;
		};
		A1000000000000000000A6 /* Frameworks */ = {
			isa = PBXFrameworksBuildPhase;
			buildActionMask = 2147483647;
			files = (
			);
			runOnlyForDeploymentPostprocessing = 0;
		};
		B200000000000000000008 /* Frameworks */ = {
			isa = PBXFrameworksBuildPhase;
			buildActionMask = 2147483647;
			files = (
			);
			runOnlyForDeploymentPostprocessing = 0;
		};
/* End PBXFrameworksBuildPhase section */

/* Begin PBXGroup section */
		8E4A864F2F15627200F77298 /* Frameworks */ = {
			isa = PBXGroup;
			children = (
				8E4A86502F15627200F77298 /* WidgetKit.framework */,
				8E4A86522F15627200F77298 /* SwiftUI.framework */,
				F50331E65CDCCF5ADD1AAA50 /* iOS */,
			);
			name = Frameworks;
			sourceTree = "<group>";
		};
		8ECE62462F0FF320009C2BD4 = {
			isa = PBXGroup;
			children = (
				8ECE62512F0FF320009C2BD4 /* gym-bro */,
				B200000000000000000006 /* GymBroShared */,
				B200000000000000000007 /* GymBroWatch */,
				B200000000000000000016 /* LiquidGlassIcon.icon */,
				8E4A86542F15627200F77298 /* RestTimerWidget */,
				8E4A864F2F15627200F77298 /* Frameworks */,
				8ECE62502F0FF320009C2BD4 /* Products */,
				A4D71A0E0567735E4DDBB22E /* gym-broUITests */,
			);
			sourceTree = "<group>";
		};
		8ECE62502F0FF320009C2BD4 /* Products */ = {
			isa = PBXGroup;
			children = (
				8ECE624F2F0FF320009C2BD4 /* gym-bro.app */,
				8E4A864E2F15627200F77298 /* RestTimerWidgetExtension.appex */,
				A1000000000000000000A5 /* gym-bro-iOS.app */,
				8A9C2C30114DA56CF809897E /* gym-broUITests.xctest */,
				B200000000000000000002 /* GymBroWatch.app */,
			);
			name = Products;
			sourceTree = "<group>";
		};
		A4D71A0E0567735E4DDBB22E /* gym-broUITests */ = {
			isa = PBXGroup;
			children = (
				40D6C1A8E1FAF81EC8A3370F /* WorkoutEditingUITests.swift */,
			);
			name = "gym-broUITests";
			path = "gym-broUITests";
			sourceTree = "<group>";
		};
		F50331E65CDCCF5ADD1AAA50 /* iOS */ = {
			isa = PBXGroup;
			children = (
				B6CFBBC1C30165D5440DFE7E /* Foundation.framework */,
			);
			name = iOS;
			sourceTree = "<group>";
		};
/* End PBXGroup section */

/* Begin PBXNativeTarget section */
		744154005BEA15A971C125D6 /* gym-broUITests */ = {
			isa = PBXNativeTarget;
			buildConfigurationList = FE50166383F654CEDAAFC4C3 /* Build configuration list for PBXNativeTarget "gym-broUITests" */;
			buildPhases = (
				EAC0858D601D58630A798A8B /* Sources */,
				27A5A4370C6CD0651E7FC217 /* Frameworks */,
				50A2C3813351ACA2E3486AB5 /* Resources */,
			);
			buildRules = (
			);
			dependencies = (
				01ABB248FC63A173D3886989 /* PBXTargetDependency */,
			);
			name = "gym-broUITests";
			productName = "gym-broUITests";
			productReference = 8A9C2C30114DA56CF809897E /* gym-broUITests.xctest */;
			productType = "com.apple.product-type.bundle.ui-testing";
		};
		8E4A864D2F15627200F77298 /* RestTimerWidgetExtension */ = {
			isa = PBXNativeTarget;
			buildConfigurationList = 8E4A86652F15627300F77298 /* Build configuration list for PBXNativeTarget "RestTimerWidgetExtension" */;
			buildPhases = (
				8E4A864A2F15627200F77298 /* Sources */,
				8E4A864B2F15627200F77298 /* Frameworks */,
				8E4A864C2F15627200F77298 /* Resources */,
			);
			buildRules = (
			);
			dependencies = (
			);
			fileSystemSynchronizedGroups = (
				8E4A86542F15627200F77298 /* RestTimerWidget */,
			);
			name = RestTimerWidgetExtension;
			productName = RestTimerWidgetExtension;
			productReference = 8E4A864E2F15627200F77298 /* RestTimerWidgetExtension.appex */;
			productType = "com.apple.product-type.app-extension";
		};
		8ECE624E2F0FF320009C2BD4 /* gym-bro */ = {
			isa = PBXNativeTarget;
			buildConfigurationList = 8ECE625D2F0FF321009C2BD4 /* Build configuration list for PBXNativeTarget "gym-bro" */;
			buildPhases = (
				8ECE624B2F0FF320009C2BD4 /* Sources */,
				8ECE624C2F0FF320009C2BD4 /* Frameworks */,
				8ECE624D2F0FF320009C2BD4 /* Resources */,
				8E4A86692F15627300F77298 /* Embed Foundation Extensions */,
				B200000000000000000004 /* Embed Watch Content */,
			);
			buildRules = (
			);
			dependencies = (
				8E4A86632F15627300F77298 /* PBXTargetDependency */,
				B200000000000000000011 /* PBXTargetDependency */,
			);
			fileSystemSynchronizedGroups = (
				8ECE62512F0FF320009C2BD4 /* gym-bro */,
				B200000000000000000006 /* GymBroShared */,
			);
			name = "gym-bro";
			productName = "gym-bro";
			productReference = 8ECE624F2F0FF320009C2BD4 /* gym-bro.app */;
			productType = "com.apple.product-type.application";
		};
		A1000000000000000000A7 /* gym-bro (iOS Only) */ = {
			isa = PBXNativeTarget;
			buildConfigurationList = A1000000000000000000AD /* Build configuration list for PBXNativeTarget "gym-bro (iOS Only)" */;
			buildPhases = (
				A1000000000000000000A9 /* Sources */,
				A1000000000000000000A6 /* Frameworks */,
				A1000000000000000000A8 /* Resources */,
				A1000000000000000000A4 /* Embed Foundation Extensions */,
			);
			buildRules = (
			);
			dependencies = (
				A1000000000000000000AA /* PBXTargetDependency */,
			);
			fileSystemSynchronizedGroups = (
				8ECE62512F0FF320009C2BD4 /* gym-bro */,
				B200000000000000000006 /* GymBroShared */,
			);
			name = "gym-bro (iOS Only)";
			productName = "gym-bro";
			productReference = A1000000000000000000A5 /* gym-bro-iOS.app */;
			productType = "com.apple.product-type.application";
		};
		B200000000000000000010 /* GymBroWatch */ = {
			isa = PBXNativeTarget;
			buildConfigurationList = B200000000000000000014 /* Build configuration list for PBXNativeTarget "GymBroWatch" */;
			buildPhases = (
				B200000000000000000009 /* Sources */,
				B200000000000000000008 /* Frameworks */,
				B20000000000000000000A /* Resources */,
			);
			buildRules = (
			);
			dependencies = (
			);
			fileSystemSynchronizedGroups = (
				B200000000000000000006 /* GymBroShared */,
				B200000000000000000007 /* GymBroWatch */,
			);
			name = GymBroWatch;
			productName = GymBroWatch;
			productReference = B200000000000000000002 /* GymBroWatch.app */;
			productType = "com.apple.product-type.application";
		};
/* End PBXNativeTarget section */

/* Begin PBXProject section */
		8ECE62472F0FF320009C2BD4 /* Project object */ = {
			isa = PBXProject;
			attributes = {
				BuildIndependentTargetsInParallel = 1;
				LastSwiftUpdateCheck = 2620;
				LastUpgradeCheck = 2620;
				TargetAttributes = {
					B200000000000000000010 = {
						CreatedOnToolsVersion = 26.2;
					};
					8E4A864D2F15627200F77298 = {
						CreatedOnToolsVersion = 26.2;
					};
					8ECE624E2F0FF320009C2BD4 = {
						CreatedOnToolsVersion = 26.2;
					};
				};
			};
			buildConfigurationList = 8ECE624A2F0FF320009C2BD4 /* Build configuration list for PBXProject "gym-bro" */;
			developmentRegion = en;
			hasScannedForEncodings = 0;
			knownRegions = (
				en,
				Base,
			);
			mainGroup = 8ECE62462F0FF320009C2BD4;
			minimizedProjectReferenceProxies = 1;
			preferredProjectObjectVersion = 77;
			productRefGroup = 8ECE62502F0FF320009C2BD4 /* Products */;
			projectDirPath = "";
			projectRoot = "";
			targets = (
				8ECE624E2F0FF320009C2BD4 /* gym-bro */,
				A1000000000000000000A7 /* gym-bro (iOS Only) */,
				8E4A864D2F15627200F77298 /* RestTimerWidgetExtension */,
				744154005BEA15A971C125D6 /* gym-broUITests */,
				B200000000000000000010 /* GymBroWatch */,
			);
		};
/* End PBXProject section */

/* Begin PBXResourcesBuildPhase section */
		50A2C3813351ACA2E3486AB5 /* Resources */ = {
			isa = PBXResourcesBuildPhase;
			buildActionMask = 2147483647;
			files = (
			);
			runOnlyForDeploymentPostprocessing = 0;
		};
		8E4A864C2F15627200F77298 /* Resources */ = {
			isa = PBXResourcesBuildPhase;
			buildActionMask = 2147483647;
			files = (
			);
			runOnlyForDeploymentPostprocessing = 0;
		};
		8ECE624D2F0FF320009C2BD4 /* Resources */ = {
			isa = PBXResourcesBuildPhase;
			buildActionMask = 2147483647;
			files = (
			);
			runOnlyForDeploymentPostprocessing = 0;
		};
		A1000000000000000000A8 /* Resources */ = {
			isa = PBXResourcesBuildPhase;
			buildActionMask = 2147483647;
			files = (
			);
			runOnlyForDeploymentPostprocessing = 0;
		};
		B20000000000000000000A /* Resources */ = {
			isa = PBXResourcesBuildPhase;
			buildActionMask = 2147483647;
			files = (
				B200000000000000000015 /* LiquidGlassIcon.icon in Resources */,
			);
			runOnlyForDeploymentPostprocessing = 0;
		};
/* End PBXResourcesBuildPhase section */

/* Begin PBXSourcesBuildPhase section */
		8E4A864A2F15627200F77298 /* Sources */ = {
			isa = PBXSourcesBuildPhase;
			buildActionMask = 2147483647;
			files = (
			);
			runOnlyForDeploymentPostprocessing = 0;
		};
		8ECE624B2F0FF320009C2BD4 /* Sources */ = {
			isa = PBXSourcesBuildPhase;
			buildActionMask = 2147483647;
			files = (
			);
			runOnlyForDeploymentPostprocessing = 0;
		};
		A1000000000000000000A9 /* Sources */ = {
			isa = PBXSourcesBuildPhase;
			buildActionMask = 2147483647;
			files = (
			);
			runOnlyForDeploymentPostprocessing = 0;
		};
		EAC0858D601D58630A798A8B /* Sources */ = {
			isa = PBXSourcesBuildPhase;
			buildActionMask = 2147483647;
			files = (
				8A5ECE9238580E938BA4F2CD /* WorkoutEditingUITests.swift in Sources */,
			);
			runOnlyForDeploymentPostprocessing = 0;
		};
		B200000000000000000009 /* Sources */ = {
			isa = PBXSourcesBuildPhase;
			buildActionMask = 2147483647;
			files = (
			);
			runOnlyForDeploymentPostprocessing = 0;
		};
/* End PBXSourcesBuildPhase section */

/* Begin PBXTargetDependency section */
		01ABB248FC63A173D3886989 /* PBXTargetDependency */ = {
			isa = PBXTargetDependency;
			name = "gym-bro (iOS Only)";
			target = A1000000000000000000A7 /* gym-bro (iOS Only) */;
			targetProxy = 5916D1FB6503B6DEA56F91D3 /* PBXContainerItemProxy */;
		};
		8E4A86632F15627300F77298 /* PBXTargetDependency */ = {
			isa = PBXTargetDependency;
			target = 8E4A864D2F15627200F77298 /* RestTimerWidgetExtension */;
			targetProxy = 8E4A86622F15627300F77298 /* PBXContainerItemProxy */;
		};
		A1000000000000000000AA /* PBXTargetDependency */ = {
			isa = PBXTargetDependency;
			target = 8E4A864D2F15627200F77298 /* RestTimerWidgetExtension */;
			targetProxy = A1000000000000000000A3 /* PBXContainerItemProxy */;
		};
		B200000000000000000011 /* PBXTargetDependency */ = {
			isa = PBXTargetDependency;
			target = B200000000000000000010 /* GymBroWatch */;
			targetProxy = B200000000000000000003 /* PBXContainerItemProxy */;
		};
/* End PBXTargetDependency section */

/* Begin XCBuildConfiguration section */
		4BF5156EEAC53BE6FFA7F092 /* Release */ = {
			isa = XCBuildConfiguration;
			buildSettings = {
				ALWAYS_EMBED_SWIFT_STANDARD_LIBRARIES = NO;
				CLANG_ENABLE_OBJC_WEAK = NO;
				CODE_SIGN_STYLE = Automatic;
				DEVELOPMENT_TEAM = XTA9CPY447;
				GENERATE_INFOPLIST_FILE = YES;
				IPHONEOS_DEPLOYMENT_TARGET = 26.2;
				LD_RUNPATH_SEARCH_PATHS = (
					"$(inherited)",
					"@executable_path/Frameworks",
					"@loader_path/Frameworks",
				);
				PRODUCT_BUNDLE_IDENTIFIER = "me.goessl.gym-bro.uitests";
				PRODUCT_NAME = "$(TARGET_NAME)";
				SDKROOT = iphoneos;
				SWIFT_APPROACHABLE_CONCURRENCY = YES;
				SWIFT_EMIT_LOC_STRINGS = NO;
				SWIFT_UPCOMING_FEATURE_MEMBER_IMPORT_VISIBILITY = YES;
				SWIFT_VERSION = 5.0;
				TARGETED_DEVICE_FAMILY = "1,2";
				TEST_TARGET_NAME = "gym-bro (iOS Only)";
				VALIDATE_PRODUCT = YES;
			};
			name = Release;
		};
		8E4A86662F15627300F77298 /* Debug */ = {
			isa = XCBuildConfiguration;
			buildSettings = {
				ASSETCATALOG_COMPILER_GLOBAL_ACCENT_COLOR_NAME = AccentColor;
				ASSETCATALOG_COMPILER_WIDGET_BACKGROUND_COLOR_NAME = WidgetBackground;
				CODE_SIGN_STYLE = Automatic;
				CURRENT_PROJECT_VERSION = 1;
				DEVELOPMENT_TEAM = XTA9CPY447;
				GENERATE_INFOPLIST_FILE = YES;
				INFOPLIST_FILE = RestTimerWidget/Info.plist;
				INFOPLIST_KEY_CFBundleDisplayName = RestTimerWidget;
				INFOPLIST_KEY_NSHumanReadableCopyright = "";
				LD_RUNPATH_SEARCH_PATHS = (
					"$(inherited)",
					"@executable_path/Frameworks",
					"@executable_path/../../Frameworks",
				);
				MARKETING_VERSION = 1.0;
				PRODUCT_BUNDLE_IDENTIFIER = "me.goessl.gym-bro.RestTimerWidget";
				PRODUCT_NAME = "$(TARGET_NAME)";
				SKIP_INSTALL = YES;
				STRING_CATALOG_GENERATE_SYMBOLS = YES;
				SWIFT_APPROACHABLE_CONCURRENCY = YES;
				SWIFT_EMIT_LOC_STRINGS = YES;
				SWIFT_UPCOMING_FEATURE_MEMBER_IMPORT_VISIBILITY = YES;
				SWIFT_VERSION = 5.0;
				TARGETED_DEVICE_FAMILY = "1,2";
			};
			name = Debug;
		};
		8E4A86672F15627300F77298 /* Release */ = {
			isa = XCBuildConfiguration;
			buildSettings = {
				ASSETCATALOG_COMPILER_GLOBAL_ACCENT_COLOR_NAME = AccentColor;
				ASSETCATALOG_COMPILER_WIDGET_BACKGROUND_COLOR_NAME = WidgetBackground;
				CODE_SIGN_STYLE = Automatic;
				CURRENT_PROJECT_VERSION = 1;
				DEVELOPMENT_TEAM = XTA9CPY447;
				GENERATE_INFOPLIST_FILE = YES;
				INFOPLIST_FILE = RestTimerWidget/Info.plist;
				INFOPLIST_KEY_CFBundleDisplayName = RestTimerWidget;
				INFOPLIST_KEY_NSHumanReadableCopyright = "";
				LD_RUNPATH_SEARCH_PATHS = (
					"$(inherited)",
					"@executable_path/Frameworks",
					"@executable_path/../../Frameworks",
				);
				MARKETING_VERSION = 1.0;
				PRODUCT_BUNDLE_IDENTIFIER = "me.goessl.gym-bro.RestTimerWidget";
				PRODUCT_NAME = "$(TARGET_NAME)";
				SKIP_INSTALL = YES;
				STRING_CATALOG_GENERATE_SYMBOLS = YES;
				SWIFT_APPROACHABLE_CONCURRENCY = YES;
				SWIFT_EMIT_LOC_STRINGS = YES;
				SWIFT_UPCOMING_FEATURE_MEMBER_IMPORT_VISIBILITY = YES;
				SWIFT_VERSION = 5.0;
				TARGETED_DEVICE_FAMILY = "1,2";
			};
			name = Release;
		};
		8ECE625E2F0FF321009C2BD4 /* Debug */ = {
			isa = XCBuildConfiguration;
			buildSettings = {
				ASSETCATALOG_COMPILER_APPICON_NAME = LiquidGlassIcon;
				ASSETCATALOG_COMPILER_GLOBAL_ACCENT_COLOR_NAME = AccentColor;
				CODE_SIGN_ENTITLEMENTS = "gym-bro/gym_bro.entitlements";
				CODE_SIGN_STYLE = Automatic;
				CURRENT_PROJECT_VERSION = 1;
				DEVELOPMENT_TEAM = XTA9CPY447;
				ENABLE_PREVIEWS = YES;
				GENERATE_INFOPLIST_FILE = YES;
				INFOPLIST_FILE = "gym-bro/Info.plist";
				INFOPLIST_KEY_CFBundleDisplayName = "Gym Bro";
				INFOPLIST_KEY_UIApplicationSceneManifest_Generation = YES;
				INFOPLIST_KEY_UIApplicationSupportsIndirectInputEvents = YES;
				INFOPLIST_KEY_UILaunchScreen_Generation = YES;
				INFOPLIST_KEY_UISupportedInterfaceOrientations_iPad = "UIInterfaceOrientationPortrait UIInterfaceOrientationPortraitUpsideDown UIInterfaceOrientationLandscapeLeft UIInterfaceOrientationLandscapeRight";
				INFOPLIST_KEY_UISupportedInterfaceOrientations_iPhone = "UIInterfaceOrientationPortrait UIInterfaceOrientationLandscapeLeft UIInterfaceOrientationLandscapeRight";
				LD_RUNPATH_SEARCH_PATHS = (
					"$(inherited)",
					"@executable_path/Frameworks",
				);
				MARKETING_VERSION = 1.0;
				PRODUCT_BUNDLE_IDENTIFIER = "me.goessl.gym-bro";
				PRODUCT_NAME = "$(TARGET_NAME)";
				STRING_CATALOG_GENERATE_SYMBOLS = YES;
				SWIFT_APPROACHABLE_CONCURRENCY = YES;
				SWIFT_DEFAULT_ACTOR_ISOLATION = MainActor;
				SWIFT_EMIT_LOC_STRINGS = YES;
				SWIFT_UPCOMING_FEATURE_MEMBER_IMPORT_VISIBILITY = YES;
				SWIFT_VERSION = 5.0;
				TARGETED_DEVICE_FAMILY = "1,2";
			};
			name = Debug;
		};
		8ECE625F2F0FF321009C2BD4 /* Release */ = {
			isa = XCBuildConfiguration;
			buildSettings = {
				ASSETCATALOG_COMPILER_APPICON_NAME = LiquidGlassIcon;
				ASSETCATALOG_COMPILER_GLOBAL_ACCENT_COLOR_NAME = AccentColor;
				CODE_SIGN_ENTITLEMENTS = "gym-bro/gym_bro.entitlements";
				CODE_SIGN_STYLE = Automatic;
				CURRENT_PROJECT_VERSION = 1;
				DEVELOPMENT_TEAM = XTA9CPY447;
				ENABLE_PREVIEWS = YES;
				GENERATE_INFOPLIST_FILE = YES;
				INFOPLIST_FILE = "gym-bro/Info.plist";
				INFOPLIST_KEY_CFBundleDisplayName = "Gym Bro";
				INFOPLIST_KEY_UIApplicationSceneManifest_Generation = YES;
				INFOPLIST_KEY_UIApplicationSupportsIndirectInputEvents = YES;
				INFOPLIST_KEY_UILaunchScreen_Generation = YES;
				INFOPLIST_KEY_UISupportedInterfaceOrientations_iPad = "UIInterfaceOrientationPortrait UIInterfaceOrientationPortraitUpsideDown UIInterfaceOrientationLandscapeLeft UIInterfaceOrientationLandscapeRight";
				INFOPLIST_KEY_UISupportedInterfaceOrientations_iPhone = "UIInterfaceOrientationPortrait UIInterfaceOrientationLandscapeLeft UIInterfaceOrientationLandscapeRight";
				LD_RUNPATH_SEARCH_PATHS = (
					"$(inherited)",
					"@executable_path/Frameworks",
				);
				MARKETING_VERSION = 1.0;
				PRODUCT_BUNDLE_IDENTIFIER = "me.goessl.gym-bro";
				PRODUCT_NAME = "$(TARGET_NAME)";
				STRING_CATALOG_GENERATE_SYMBOLS = YES;
				SWIFT_APPROACHABLE_CONCURRENCY = YES;
				SWIFT_DEFAULT_ACTOR_ISOLATION = MainActor;
				SWIFT_EMIT_LOC_STRINGS = YES;
				SWIFT_UPCOMING_FEATURE_MEMBER_IMPORT_VISIBILITY = YES;
				SWIFT_VERSION = 5.0;
				TARGETED_DEVICE_FAMILY = "1,2";
			};
			name = Release;
		};
		8ECE62602F0FF321009C2BD4 /* Debug */ = {
			isa = XCBuildConfiguration;
			buildSettings = {
				ALWAYS_SEARCH_USER_PATHS = NO;
				ASSETCATALOG_COMPILER_GENERATE_SWIFT_ASSET_SYMBOL_EXTENSIONS = YES;
				CLANG_ANALYZER_NONNULL = YES;
				CLANG_ANALYZER_NUMBER_OBJECT_CONVERSION = YES_AGGRESSIVE;
				CLANG_CXX_LANGUAGE_STANDARD = "gnu++20";
				CLANG_ENABLE_MODULES = YES;
				CLANG_ENABLE_OBJC_ARC = YES;
				CLANG_ENABLE_OBJC_WEAK = YES;
				CLANG_WARN_BLOCK_CAPTURE_AUTORELEASING = YES;
				CLANG_WARN_BOOL_CONVERSION = YES;
				CLANG_WARN_COMMA = YES;
				CLANG_WARN_CONSTANT_CONVERSION = YES;
				CLANG_WARN_DEPRECATED_OBJC_IMPLEMENTATIONS = YES;
				CLANG_WARN_DIRECT_OBJC_ISA_USAGE = YES_ERROR;
				CLANG_WARN_DOCUMENTATION_COMMENTS = YES;
				CLANG_WARN_EMPTY_BODY = YES;
				CLANG_WARN_ENUM_CONVERSION = YES;
				CLANG_WARN_INFINITE_RECURSION = YES;
				CLANG_WARN_INT_CONVERSION = YES;
				CLANG_WARN_NON_LITERAL_NULL_CONVERSION = YES;
				CLANG_WARN_OBJC_IMPLICIT_RETAIN_SELF = YES;
				CLANG_WARN_OBJC_LITERAL_CONVERSION = YES;
				CLANG_WARN_OBJC_ROOT_CLASS = YES_ERROR;
				CLANG_WARN_QUOTED_INCLUDE_IN_FRAMEWORK_HEADER = YES;
				CLANG_WARN_RANGE_LOOP_ANALYSIS = YES;
				CLANG_WARN_STRICT_PROTOTYPES = YES;
				CLANG_WARN_SUSPICIOUS_MOVE = YES;
				CLANG_WARN_UNGUARDED_AVAILABILITY = YES_AGGRESSIVE;
				CLANG_WARN_UNREACHABLE_CODE = YES;
				CLANG_WARN__DUPLICATE_METHOD_MATCH = YES;
				COPY_PHASE_STRIP = NO;
				DEBUG_INFORMATION_FORMAT = dwarf;
				DEVELOPMENT_TEAM = MYCUWZC42Y;
				ENABLE_STRICT_OBJC_MSGSEND = YES;
				ENABLE_TESTABILITY = YES;
				ENABLE_USER_SCRIPT_SANDBOXING = YES;
				GCC_C_LANGUAGE_STANDARD = gnu17;
				GCC_DYNAMIC_NO_PIC = NO;
				GCC_NO_COMMON_BLOCKS = YES;
				GCC_OPTIMIZATION_LEVEL = 0;
				GCC_PREPROCESSOR_DEFINITIONS = (
					"DEBUG=1",
					"$(inherited)",
				);
				GCC_WARN_64_TO_32_BIT_CONVERSION = YES;
				GCC_WARN_ABOUT_RETURN_TYPE = YES_ERROR;
				GCC_WARN_UNDECLARED_SELECTOR = YES;
				GCC_WARN_UNINITIALIZED_AUTOS = YES_AGGRESSIVE;
				GCC_WARN_UNUSED_FUNCTION = YES;
				GCC_WARN_UNUSED_VARIABLE = YES;
				IPHONEOS_DEPLOYMENT_TARGET = 26.2;
				LOCALIZATION_PREFERS_STRING_CATALOGS = YES;
				MTL_ENABLE_DEBUG_INFO = INCLUDE_SOURCE;
				MTL_FAST_MATH = YES;
				ONLY_ACTIVE_ARCH = YES;
				SDKROOT = iphoneos;
				SWIFT_ACTIVE_COMPILATION_CONDITIONS = "DEBUG $(inherited)";
				SWIFT_OPTIMIZATION_LEVEL = "-Onone";
			};
			name = Debug;
		};
		8ECE62612F0FF321009C2BD4 /* Release */ = {
			isa = XCBuildConfiguration;
			buildSettings = {
				ALWAYS_SEARCH_USER_PATHS = NO;
				ASSETCATALOG_COMPILER_GENERATE_SWIFT_ASSET_SYMBOL_EXTENSIONS = YES;
				CLANG_ANALYZER_NONNULL = YES;
				CLANG_ANALYZER_NUMBER_OBJECT_CONVERSION = YES_AGGRESSIVE;
				CLANG_CXX_LANGUAGE_STANDARD = "gnu++20";
				CLANG_ENABLE_MODULES = YES;
				CLANG_ENABLE_OBJC_ARC = YES;
				CLANG_ENABLE_OBJC_WEAK = YES;
				CLANG_WARN_BLOCK_CAPTURE_AUTORELEASING = YES;
				CLANG_WARN_BOOL_CONVERSION = YES;
				CLANG_WARN_COMMA = YES;
				CLANG_WARN_CONSTANT_CONVERSION = YES;
				CLANG_WARN_DEPRECATED_OBJC_IMPLEMENTATIONS = YES;
				CLANG_WARN_DIRECT_OBJC_ISA_USAGE = YES_ERROR;
				CLANG_WARN_DOCUMENTATION_COMMENTS = YES;
				CLANG_WARN_EMPTY_BODY = YES;
				CLANG_WARN_ENUM_CONVERSION = YES;
				CLANG_WARN_INFINITE_RECURSION = YES;
				CLANG_WARN_INT_CONVERSION = YES;
				CLANG_WARN_NON_LITERAL_NULL_CONVERSION = YES;
				CLANG_WARN_OBJC_IMPLICIT_RETAIN_SELF = YES;
				CLANG_WARN_OBJC_LITERAL_CONVERSION = YES;
				CLANG_WARN_OBJC_ROOT_CLASS = YES_ERROR;
				CLANG_WARN_QUOTED_INCLUDE_IN_FRAMEWORK_HEADER = YES;
				CLANG_WARN_RANGE_LOOP_ANALYSIS = YES;
				CLANG_WARN_STRICT_PROTOTYPES = YES;
				CLANG_WARN_SUSPICIOUS_MOVE = YES;
				CLANG_WARN_UNGUARDED_AVAILABILITY = YES_AGGRESSIVE;
				CLANG_WARN_UNREACHABLE_CODE = YES;
				CLANG_WARN__DUPLICATE_METHOD_MATCH = YES;
				COPY_PHASE_STRIP = NO;
				DEBUG_INFORMATION_FORMAT = "dwarf-with-dsym";
				DEVELOPMENT_TEAM = MYCUWZC42Y;
				ENABLE_NS_ASSERTIONS = NO;
				ENABLE_STRICT_OBJC_MSGSEND = YES;
				ENABLE_USER_SCRIPT_SANDBOXING = YES;
				GCC_C_LANGUAGE_STANDARD = gnu17;
				GCC_NO_COMMON_BLOCKS = YES;
				GCC_WARN_64_TO_32_BIT_CONVERSION = YES;
				GCC_WARN_ABOUT_RETURN_TYPE = YES_ERROR;
				GCC_WARN_UNDECLARED_SELECTOR = YES;
				GCC_WARN_UNINITIALIZED_AUTOS = YES_AGGRESSIVE;
				GCC_WARN_UNUSED_FUNCTION = YES;
				GCC_WARN_UNUSED_VARIABLE = YES;
				IPHONEOS_DEPLOYMENT_TARGET = 26.2;
				LOCALIZATION_PREFERS_STRING_CATALOGS = YES;
				MTL_ENABLE_DEBUG_INFO = NO;
				MTL_FAST_MATH = YES;
				SDKROOT = iphoneos;
				SWIFT_COMPILATION_MODE = wholemodule;
				VALIDATE_PRODUCT = YES;
			};
			name = Release;
		};
		A1000000000000000000AB /* Debug */ = {
			isa = XCBuildConfiguration;
			buildSettings = {
				ASSETCATALOG_COMPILER_APPICON_NAME = LiquidGlassIcon;
				ASSETCATALOG_COMPILER_GLOBAL_ACCENT_COLOR_NAME = AccentColor;
				CODE_SIGN_ENTITLEMENTS = "gym-bro/gym_bro.entitlements";
				CODE_SIGN_STYLE = Automatic;
				CURRENT_PROJECT_VERSION = 1;
				DEVELOPMENT_TEAM = XTA9CPY447;
				ENABLE_PREVIEWS = YES;
				GENERATE_INFOPLIST_FILE = YES;
				INFOPLIST_FILE = "gym-bro/Info.plist";
				INFOPLIST_KEY_CFBundleDisplayName = "Gym Bro";
				INFOPLIST_KEY_UIApplicationSceneManifest_Generation = YES;
				INFOPLIST_KEY_UIApplicationSupportsIndirectInputEvents = YES;
				INFOPLIST_KEY_UILaunchScreen_Generation = YES;
				INFOPLIST_KEY_UISupportedInterfaceOrientations_iPad = "UIInterfaceOrientationPortrait UIInterfaceOrientationPortraitUpsideDown UIInterfaceOrientationLandscapeLeft UIInterfaceOrientationLandscapeRight";
				INFOPLIST_KEY_UISupportedInterfaceOrientations_iPhone = "UIInterfaceOrientationPortrait UIInterfaceOrientationLandscapeLeft UIInterfaceOrientationLandscapeRight";
				LD_RUNPATH_SEARCH_PATHS = (
					"$(inherited)",
					"@executable_path/Frameworks",
				);
				MARKETING_VERSION = 1.0;
				PRODUCT_BUNDLE_IDENTIFIER = "me.goessl.gym-bro";
				PRODUCT_NAME = "gym-bro-iOS";
				STRING_CATALOG_GENERATE_SYMBOLS = YES;
				SWIFT_APPROACHABLE_CONCURRENCY = YES;
				SWIFT_DEFAULT_ACTOR_ISOLATION = MainActor;
				SWIFT_EMIT_LOC_STRINGS = YES;
				SWIFT_UPCOMING_FEATURE_MEMBER_IMPORT_VISIBILITY = YES;
				SWIFT_VERSION = 5.0;
				TARGETED_DEVICE_FAMILY = "1,2";
			};
			name = Debug;
		};
		A1000000000000000000AC /* Release */ = {
			isa = XCBuildConfiguration;
			buildSettings = {
				ASSETCATALOG_COMPILER_APPICON_NAME = LiquidGlassIcon;
				ASSETCATALOG_COMPILER_GLOBAL_ACCENT_COLOR_NAME = AccentColor;
				CODE_SIGN_ENTITLEMENTS = "gym-bro/gym_bro.entitlements";
				CODE_SIGN_STYLE = Automatic;
				CURRENT_PROJECT_VERSION = 1;
				DEVELOPMENT_TEAM = XTA9CPY447;
				ENABLE_PREVIEWS = YES;
				GENERATE_INFOPLIST_FILE = YES;
				INFOPLIST_FILE = "gym-bro/Info.plist";
				INFOPLIST_KEY_CFBundleDisplayName = "Gym Bro";
				INFOPLIST_KEY_UIApplicationSceneManifest_Generation = YES;
				INFOPLIST_KEY_UIApplicationSupportsIndirectInputEvents = YES;
				INFOPLIST_KEY_UILaunchScreen_Generation = YES;
				INFOPLIST_KEY_UISupportedInterfaceOrientations_iPad = "UIInterfaceOrientationPortrait UIInterfaceOrientationPortraitUpsideDown UIInterfaceOrientationLandscapeLeft UIInterfaceOrientationLandscapeRight";
				INFOPLIST_KEY_UISupportedInterfaceOrientations_iPhone = "UIInterfaceOrientationPortrait UIInterfaceOrientationLandscapeLeft UIInterfaceOrientationLandscapeRight";
				LD_RUNPATH_SEARCH_PATHS = (
					"$(inherited)",
					"@executable_path/Frameworks",
				);
				MARKETING_VERSION = 1.0;
				PRODUCT_BUNDLE_IDENTIFIER = "me.goessl.gym-bro";
				PRODUCT_NAME = "gym-bro-iOS";
				STRING_CATALOG_GENERATE_SYMBOLS = YES;
				SWIFT_APPROACHABLE_CONCURRENCY = YES;
				SWIFT_DEFAULT_ACTOR_ISOLATION = MainActor;
				SWIFT_EMIT_LOC_STRINGS = YES;
				SWIFT_UPCOMING_FEATURE_MEMBER_IMPORT_VISIBILITY = YES;
				SWIFT_VERSION = 5.0;
				TARGETED_DEVICE_FAMILY = "1,2";
			};
			name = Release;
		};
		CADDB855A0ADA76995180116 /* Debug */ = {
			isa = XCBuildConfiguration;
			buildSettings = {
				ALWAYS_EMBED_SWIFT_STANDARD_LIBRARIES = NO;
				CLANG_ENABLE_OBJC_WEAK = NO;
				CODE_SIGN_STYLE = Automatic;
				DEVELOPMENT_TEAM = XTA9CPY447;
				GENERATE_INFOPLIST_FILE = YES;
				IPHONEOS_DEPLOYMENT_TARGET = 26.2;
				LD_RUNPATH_SEARCH_PATHS = (
					"$(inherited)",
					"@executable_path/Frameworks",
					"@loader_path/Frameworks",
				);
				PRODUCT_BUNDLE_IDENTIFIER = "me.goessl.gym-bro.uitests";
				PRODUCT_NAME = "$(TARGET_NAME)";
				SDKROOT = iphoneos;
				SWIFT_APPROACHABLE_CONCURRENCY = YES;
				SWIFT_EMIT_LOC_STRINGS = NO;
				SWIFT_UPCOMING_FEATURE_MEMBER_IMPORT_VISIBILITY = YES;
				SWIFT_VERSION = 5.0;
				TARGETED_DEVICE_FAMILY = "1,2";
				TEST_TARGET_NAME = "gym-bro (iOS Only)";
			};
			name = Debug;
		};
		B200000000000000000012 /* Debug */ = {
			isa = XCBuildConfiguration;
			buildSettings = {
				ASSETCATALOG_COMPILER_APPICON_NAME = LiquidGlassIcon;
				ASSETCATALOG_COMPILER_GLOBAL_ACCENT_COLOR_NAME = AccentColor;
				CODE_SIGN_ENTITLEMENTS = GymBroWatch/GymBroWatch.entitlements;
				CODE_SIGN_STYLE = Automatic;
				CURRENT_PROJECT_VERSION = 1;
				DEVELOPMENT_TEAM = XTA9CPY447;
				ENABLE_PREVIEWS = YES;
				GENERATE_INFOPLIST_FILE = YES;
				INFOPLIST_KEY_CFBundleDisplayName = "Gym Bro";
				INFOPLIST_KEY_NSHealthShareUsageDescription = "Gym Bro reads workout data to track your strength workout.";
				INFOPLIST_KEY_NSHealthUpdateUsageDescription = "Gym Bro saves your strength workout to Apple Fitness.";
				INFOPLIST_KEY_WKCompanionAppBundleIdentifier = "me.goessl.gym-bro";
				INFOPLIST_KEY_WKRunsIndependentlyOfCompanionApp = NO;
				LD_RUNPATH_SEARCH_PATHS = (
					"$(inherited)",
					"@executable_path/Frameworks",
				);
				MARKETING_VERSION = 1.0;
				PRODUCT_BUNDLE_IDENTIFIER = "me.goessl.gym-bro.watchkitapp";
				PRODUCT_NAME = "$(TARGET_NAME)";
				SDKROOT = watchos;
				SKIP_INSTALL = YES;
				SWIFT_APPROACHABLE_CONCURRENCY = YES;
				SWIFT_DEFAULT_ACTOR_ISOLATION = MainActor;
				SWIFT_EMIT_LOC_STRINGS = YES;
				SWIFT_VERSION = 5.0;
				TARGETED_DEVICE_FAMILY = 4;
				WATCHOS_DEPLOYMENT_TARGET = 26.2;
			};
			name = Debug;
		};
		B200000000000000000013 /* Release */ = {
			isa = XCBuildConfiguration;
			buildSettings = {
				ASSETCATALOG_COMPILER_APPICON_NAME = LiquidGlassIcon;
				ASSETCATALOG_COMPILER_GLOBAL_ACCENT_COLOR_NAME = AccentColor;
				CODE_SIGN_ENTITLEMENTS = GymBroWatch/GymBroWatch.entitlements;
				CODE_SIGN_STYLE = Automatic;
				CURRENT_PROJECT_VERSION = 1;
				DEVELOPMENT_TEAM = XTA9CPY447;
				ENABLE_PREVIEWS = YES;
				GENERATE_INFOPLIST_FILE = YES;
				INFOPLIST_KEY_CFBundleDisplayName = "Gym Bro";
				INFOPLIST_KEY_NSHealthShareUsageDescription = "Gym Bro reads workout data to track your strength workout.";
				INFOPLIST_KEY_NSHealthUpdateUsageDescription = "Gym Bro saves your strength workout to Apple Fitness.";
				INFOPLIST_KEY_WKCompanionAppBundleIdentifier = "me.goessl.gym-bro";
				INFOPLIST_KEY_WKRunsIndependentlyOfCompanionApp = NO;
				LD_RUNPATH_SEARCH_PATHS = (
					"$(inherited)",
					"@executable_path/Frameworks",
				);
				MARKETING_VERSION = 1.0;
				PRODUCT_BUNDLE_IDENTIFIER = "me.goessl.gym-bro.watchkitapp";
				PRODUCT_NAME = "$(TARGET_NAME)";
				SDKROOT = watchos;
				SKIP_INSTALL = YES;
				SWIFT_APPROACHABLE_CONCURRENCY = YES;
				SWIFT_DEFAULT_ACTOR_ISOLATION = MainActor;
				SWIFT_EMIT_LOC_STRINGS = YES;
				SWIFT_VERSION = 5.0;
				TARGETED_DEVICE_FAMILY = 4;
				VALIDATE_PRODUCT = YES;
				WATCHOS_DEPLOYMENT_TARGET = 26.2;
			};
			name = Release;
		};
/* End XCBuildConfiguration section */

/* Begin XCConfigurationList section */
		8E4A86652F15627300F77298 /* Build configuration list for PBXNativeTarget "RestTimerWidgetExtension" */ = {
			isa = XCConfigurationList;
			buildConfigurations = (
				8E4A86662F15627300F77298 /* Debug */,
				8E4A86672F15627300F77298 /* Release */,
			);
			defaultConfigurationIsVisible = 0;
			defaultConfigurationName = Release;
		};
		8ECE624A2F0FF320009C2BD4 /* Build configuration list for PBXProject "gym-bro" */ = {
			isa = XCConfigurationList;
			buildConfigurations = (
				8ECE62602F0FF321009C2BD4 /* Debug */,
				8ECE62612F0FF321009C2BD4 /* Release */,
			);
			defaultConfigurationIsVisible = 0;
			defaultConfigurationName = Release;
		};
		8ECE625D2F0FF321009C2BD4 /* Build configuration list for PBXNativeTarget "gym-bro" */ = {
			isa = XCConfigurationList;
			buildConfigurations = (
				8ECE625E2F0FF321009C2BD4 /* Debug */,
				8ECE625F2F0FF321009C2BD4 /* Release */,
			);
			defaultConfigurationIsVisible = 0;
			defaultConfigurationName = Release;
		};
		A1000000000000000000AD /* Build configuration list for PBXNativeTarget "gym-bro (iOS Only)" */ = {
			isa = XCConfigurationList;
			buildConfigurations = (
				A1000000000000000000AB /* Debug */,
				A1000000000000000000AC /* Release */,
			);
			defaultConfigurationIsVisible = 0;
			defaultConfigurationName = Release;
		};
		FE50166383F654CEDAAFC4C3 /* Build configuration list for PBXNativeTarget "gym-broUITests" */ = {
			isa = XCConfigurationList;
			buildConfigurations = (
				4BF5156EEAC53BE6FFA7F092 /* Release */,
				CADDB855A0ADA76995180116 /* Debug */,
			);
			defaultConfigurationIsVisible = 0;
			defaultConfigurationName = Release;
		};
		B200000000000000000014 /* Build configuration list for PBXNativeTarget "GymBroWatch" */ = {
			isa = XCConfigurationList;
			buildConfigurations = (
				B200000000000000000012 /* Debug */,
				B200000000000000000013 /* Release */,
			);
			defaultConfigurationIsVisible = 0;
			defaultConfigurationName = Release;
		};
/* End XCConfigurationList section */
	};
	rootObject = 8ECE62472F0FF320009C2BD4 /* Project object */;
}
